// !$*UTF8*$!
{
	archiveVersion = 1;
	classes = {
	};
	objectVersion = 50;
	objects = {

/* Begin PBXBuildFile section */
		2B1F1BEC225DCDF40091ADA4 /* RRNoteDetailViewController.m in Sources */ = {isa = PBXBuildFile; fileRef = 2B1F1BEB225DCDF40091ADA4 /* RRNoteDetailViewController.m */; };
		2B1F1BEE225DCF830091ADA4 /* Note.storyboard in Resources */ = {isa = PBXBuildFile; fileRef = 2B1F1BED225DCF830091ADA4 /* Note.storyboard */; };
		2B1F1BFC225DD8E00091ADA4 /* toolbar_home@3x.png in Resources */ = {isa = PBXBuildFile; fileRef = 2B1F1BF4225DD8E00091ADA4 /* toolbar_home@3x.png */; };
		2B1F1BFD225DD8E00091ADA4 /* toolbar_home_sel@3x.png in Resources */ = {isa = PBXBuildFile; fileRef = 2B1F1BF5225DD8E00091ADA4 /* toolbar_home_sel@3x.png */; };
		2B1F1BFE225DD8E00091ADA4 /* toolbar_home@2x.png in Resources */ = {isa = PBXBuildFile; fileRef = 2B1F1BF6225DD8E00091ADA4 /* toolbar_home@2x.png */; };
		2B1F1BFF225DD8E00091ADA4 /* toolbar_me@3x.png in Resources */ = {isa = PBXBuildFile; fileRef = 2B1F1BF7225DD8E00091ADA4 /* toolbar_me@3x.png */; };
		2B1F1C00225DD8E00091ADA4 /* toolbar_home_sel@2x.png in Resources */ = {isa = PBXBuildFile; fileRef = 2B1F1BF8225DD8E00091ADA4 /* toolbar_home_sel@2x.png */; };
		2B1F1C01225DD8E00091ADA4 /* toolbar_me_sel@3x.png in Resources */ = {isa = PBXBuildFile; fileRef = 2B1F1BF9225DD8E00091ADA4 /* toolbar_me_sel@3x.png */; };
		2B1F1C02225DD8E00091ADA4 /* toolbar_me_sel@2x.png in Resources */ = {isa = PBXBuildFile; fileRef = 2B1F1BFA225DD8E00091ADA4 /* toolbar_me_sel@2x.png */; };
		2B1F1C03225DD8E00091ADA4 /* toolbar_me@2x.png in Resources */ = {isa = PBXBuildFile; fileRef = 2B1F1BFB225DD8E00091ADA4 /* toolbar_me@2x.png */; };
		2BF8998F225D86390084FB18 /* AppDelegate.m in Sources */ = {isa = PBXBuildFile; fileRef = 2BF8998E225D86390084FB18 /* AppDelegate.m */; };
		2BF89997225D863A0084FB18 /* Assets.xcassets in Resources */ = {isa = PBXBuildFile; fileRef = 2BF89996225D863A0084FB18 /* Assets.xcassets */; };
		2BF8999A225D863A0084FB18 /* LaunchScreen.storyboard in Resources */ = {isa = PBXBuildFile; fileRef = 2BF89998225D863A0084FB18 /* LaunchScreen.storyboard */; };
		2BF8999D225D863A0084FB18 /* main.m in Sources */ = {isa = PBXBuildFile; fileRef = 2BF8999C225D863A0084FB18 /* main.m */; };
		2BF899A5225D876C0084FB18 /* RRTabBarController.m in Sources */ = {isa = PBXBuildFile; fileRef = 2BF899A4225D876C0084FB18 /* RRTabBarController.m */; };
		2BF899C8225D8DD60084FB18 /* UIColor+JLHex.m in Sources */ = {isa = PBXBuildFile; fileRef = 2BF899AD225D8DD60084FB18 /* UIColor+JLHex.m */; };
		2BF899CA225D8DD60084FB18 /* UITextField+JLEntension.m in Sources */ = {isa = PBXBuildFile; fileRef = 2BF899AF225D8DD60084FB18 /* UITextField+JLEntension.m */; };
		2BF899CC225D8DD60084FB18 /* UIControl+JLFastClick.m in Sources */ = {isa = PBXBuildFile; fileRef = 2BF899B2225D8DD60084FB18 /* UIControl+JLFastClick.m */; };
		2BF899CF225D8DD60084FB18 /* UILabel+JLEntension.m in Sources */ = {isa = PBXBuildFile; fileRef = 2BF899BA225D8DD60084FB18 /* UILabel+JLEntension.m */; };
		2BF899D0225D8DD60084FB18 /* UIView+JLExtension.m in Sources */ = {isa = PBXBuildFile; fileRef = 2BF899BC225D8DD60084FB18 /* UIView+JLExtension.m */; };
		2BF899D2225D8DD60084FB18 /* NSString+JLEntension.m in Sources */ = {isa = PBXBuildFile; fileRef = 2BF899C0225D8DD60084FB18 /* NSString+JLEntension.m */; };
		2BF899D5225D8DD60084FB18 /* NullSafe.m in Sources */ = {isa = PBXBuildFile; fileRef = 2BF899C3225D8DD60084FB18 /* NullSafe.m */; };
		2BF899D9225D90C30084FB18 /* RRBaseNavigationController.m in Sources */ = {isa = PBXBuildFile; fileRef = 2BF899D8225D90C30084FB18 /* RRBaseNavigationController.m */; };
		2BF899DF225D91220084FB18 /* RRMineViewController.m in Sources */ = {isa = PBXBuildFile; fileRef = 2BF899DE225D91220084FB18 /* RRMineViewController.m */; };
		2BF899EF225D9A3C0084FB18 /* RRNotesListViewController.m in Sources */ = {isa = PBXBuildFile; fileRef = 2BF899EE225D9A3C0084FB18 /* RRNotesListViewController.m */; };
/* End PBXBuildFile section */

/* Begin PBXFileReference section */
		2B1F1BEA225DCDF40091ADA4 /* RRNoteDetailViewController.h */ = {isa = PBXFileReference; lastKnownFileType = sourcecode.c.h; path = RRNoteDetailViewController.h; sourceTree = "<group>"; };
		2B1F1BEB225DCDF40091ADA4 /* RRNoteDetailViewController.m */ = {isa = PBXFileReference; lastKnownFileType = sourcecode.c.objc; path = RRNoteDetailViewController.m; sourceTree = "<group>"; };
		2B1F1BED225DCF830091ADA4 /* Note.storyboard */ = {isa = PBXFileReference; lastKnownFileType = file.storyboard; path = Note.storyboard; sourceTree = "<group>"; };
		2B1F1BEF225DCFCB0091ADA4 /* AppMarco.h */ = {isa = PBXFileReference; fileEncoding = 4; lastKnownFileType = sourcecode.c.h; path = AppMarco.h; sourceTree = "<group>"; };
		2B1F1BF0225DCFCB0091ADA4 /* NotificationMarco.h */ = {isa = PBXFileReference; fileEncoding = 4; lastKnownFileType = sourcecode.c.h; path = NotificationMarco.h; sourceTree = "<group>"; };
		2B1F1BF1225DCFCB0091ADA4 /* StoryboardHeader.h */ = {isa = PBXFileReference; fileEncoding = 4; lastKnownFileType = sourcecode.c.h; path = StoryboardHeader.h; sourceTree = "<group>"; };
		2B1F1BF4225DD8E00091ADA4 /* toolbar_home@3x.png */ = {isa = PBXFileReference; lastKnownFileType = image.png; path = "toolbar_home@3x.png"; sourceTree = "<group>"; };
		2B1F1BF5225DD8E00091ADA4 /* toolbar_home_sel@3x.png */ = {isa = PBXFileReference; lastKnownFileType = image.png; path = "toolbar_home_sel@3x.png"; sourceTree = "<group>"; };
		2B1F1BF6225DD8E00091ADA4 /* toolbar_home@2x.png */ = {isa = PBXFileReference; lastKnownFileType = image.png; path = "toolbar_home@2x.png"; sourceTree = "<group>"; };
		2B1F1BF7225DD8E00091ADA4 /* toolbar_me@3x.png */ = {isa = PBXFileReference; lastKnownFileType = image.png; path = "toolbar_me@3x.png"; sourceTree = "<group>"; };
		2B1F1BF8225DD8E00091ADA4 /* toolbar_home_sel@2x.png */ = {isa = PBXFileReference; lastKnownFileType = image.png; path = "toolbar_home_sel@2x.png"; sourceTree = "<group>"; };
		2B1F1BF9225DD8E00091ADA4 /* toolbar_me_sel@3x.png */ = {isa = PBXFileReference; lastKnownFileType = image.png; path = "toolbar_me_sel@3x.png"; sourceTree = "<group>"; };
		2B1F1BFA225DD8E00091ADA4 /* toolbar_me_sel@2x.png */ = {isa = PBXFileReference; lastKnownFileType = image.png; path = "toolbar_me_sel@2x.png"; sourceTree = "<group>"; };
		2B1F1BFB225DD8E00091ADA4 /* toolbar_me@2x.png */ = {isa = PBXFileReference; lastKnownFileType = image.png; path = "toolbar_me@2x.png"; sourceTree = "<group>"; };
		2BF8998A225D86390084FB18 /* RuoRouNotes.app */ = {isa = PBXFileReference; explicitFileType = wrapper.application; includeInIndex = 0; path = RuoRouNotes.app; sourceTree = BUILT_PRODUCTS_DIR; };
		2BF8998D225D86390084FB18 /* AppDelegate.h */ = {isa = PBXFileReference; lastKnownFileType = sourcecode.c.h; path = AppDelegate.h; sourceTree = "<group>"; };
		2BF8998E225D86390084FB18 /* AppDelegate.m */ = {isa = PBXFileReference; lastKnownFileType = sourcecode.c.objc; path = AppDelegate.m; sourceTree = "<group>"; };
		2BF89996225D863A0084FB18 /* Assets.xcassets */ = {isa = PBXFileReference; lastKnownFileType = folder.assetcatalog; path = Assets.xcassets; sourceTree = "<group>"; };
		2BF89999225D863A0084FB18 /* Base */ = {isa = PBXFileReference; lastKnownFileType = file.storyboard; name = Base; path = Base.lproj/LaunchScreen.storyboard; sourceTree = "<group>"; };
		2BF8999B225D863A0084FB18 /* Info.plist */ = {isa = PBXFileReference; lastKnownFileType = text.plist.xml; path = Info.plist; sourceTree = "<group>"; };
		2BF8999C225D863A0084FB18 /* main.m */ = {isa = PBXFileReference; lastKnownFileType = sourcecode.c.objc; path = main.m; sourceTree = "<group>"; };
		2BF899A3225D876C0084FB18 /* RRTabBarController.h */ = {isa = PBXFileReference; lastKnownFileType = sourcecode.c.h; path = RRTabBarController.h; sourceTree = "<group>"; };
		2BF899A4225D876C0084FB18 /* RRTabBarController.m */ = {isa = PBXFileReference; lastKnownFileType = sourcecode.c.objc; path = RRTabBarController.m; sourceTree = "<group>"; };
		2BF899AD225D8DD60084FB18 /* UIColor+JLHex.m */ = {isa = PBXFileReference; fileEncoding = 4; lastKnownFileType = sourcecode.c.objc; path = "UIColor+JLHex.m"; sourceTree = "<group>"; };
		2BF899AF225D8DD60084FB18 /* UITextField+JLEntension.m */ = {isa = PBXFileReference; fileEncoding = 4; lastKnownFileType = sourcecode.c.objc; path = "UITextField+JLEntension.m"; sourceTree = "<group>"; };
		2BF899B1225D8DD60084FB18 /* UIView+JLExtension.h */ = {isa = PBXFileReference; fileEncoding = 4; lastKnownFileType = sourcecode.c.h; path = "UIView+JLExtension.h"; sourceTree = "<group>"; };
		2BF899B2225D8DD60084FB18 /* UIControl+JLFastClick.m */ = {isa = PBXFileReference; fileEncoding = 4; lastKnownFileType = sourcecode.c.objc; path = "UIControl+JLFastClick.m"; sourceTree = "<group>"; };
		2BF899B3225D8DD60084FB18 /* UILabel+JLEntension.h */ = {isa = PBXFileReference; fileEncoding = 4; lastKnownFileType = sourcecode.c.h; path = "UILabel+JLEntension.h"; sourceTree = "<group>"; };
		2BF899B6225D8DD60084FB18 /* UIColor+JLHex.h */ = {isa = PBXFileReference; fileEncoding = 4; lastKnownFileType = sourcecode.c.h; path = "UIColor+JLHex.h"; sourceTree = "<group>"; };
		2BF899B9225D8DD60084FB18 /* UITextField+JLEntension.h */ = {isa = PBXFileReference; fileEncoding = 4; lastKnownFileType = sourcecode.c.h; path = "UITextField+JLEntension.h"; sourceTree = "<group>"; };
		2BF899BA225D8DD60084FB18 /* UILabel+JLEntension.m */ = {isa = PBXFileReference; fileEncoding = 4; lastKnownFileType = sourcecode.c.objc; path = "UILabel+JLEntension.m"; sourceTree = "<group>"; };
		2BF899BB225D8DD60084FB18 /* UIControl+JLFastClick.h */ = {isa = PBXFileReference; fileEncoding = 4; lastKnownFileType = sourcecode.c.h; path = "UIControl+JLFastClick.h"; sourceTree = "<group>"; };
		2BF899BC225D8DD60084FB18 /* UIView+JLExtension.m */ = {isa = PBXFileReference; fileEncoding = 4; lastKnownFileType = sourcecode.c.objc; path = "UIView+JLExtension.m"; sourceTree = "<group>"; };
		2BF899C0225D8DD60084FB18 /* NSString+JLEntension.m */ = {isa = PBXFileReference; fileEncoding = 4; lastKnownFileType = sourcecode.c.objc; path = "NSString+JLEntension.m"; sourceTree = "<group>"; };
		2BF899C3225D8DD60084FB18 /* NullSafe.m */ = {isa = PBXFileReference; fileEncoding = 4; lastKnownFileType = sourcecode.c.objc; path = NullSafe.m; sourceTree = "<group>"; };
		2BF899C5225D8DD60084FB18 /* NSString+JLEntension.h */ = {isa = PBXFileReference; fileEncoding = 4; lastKnownFileType = sourcecode.c.h; path = "NSString+JLEntension.h"; sourceTree = "<group>"; };
		2BF899D6225D8F1E0084FB18 /* JLCateHeader.h */ = {isa = PBXFileReference; lastKnownFileType = sourcecode.c.h; path = JLCateHeader.h; sourceTree = "<group>"; };
		2BF899D7225D90C30084FB18 /* RRBaseNavigationController.h */ = {isa = PBXFileReference; lastKnownFileType = sourcecode.c.h; path = RRBaseNavigationController.h; sourceTree = "<group>"; };
		2BF899D8225D90C30084FB18 /* RRBaseNavigationController.m */ = {isa = PBXFileReference; lastKnownFileType = sourcecode.c.objc; path = RRBaseNavigationController.m; sourceTree = "<group>"; };
		2BF899DD225D91220084FB18 /* RRMineViewController.h */ = {isa = PBXFileReference; lastKnownFileType = sourcecode.c.h; path = RRMineViewController.h; sourceTree = "<group>"; };
		2BF899DE225D91220084FB18 /* RRMineViewController.m */ = {isa = PBXFileReference; lastKnownFileType = sourcecode.c.objc; path = RRMineViewController.m; sourceTree = "<group>"; };
		2BF899ED225D9A3C0084FB18 /* RRNotesListViewController.h */ = {isa = PBXFileReference; lastKnownFileType = sourcecode.c.h; path = RRNotesListViewController.h; sourceTree = "<group>"; };
		2BF899EE225D9A3C0084FB18 /* RRNotesListViewController.m */ = {isa = PBXFileReference; lastKnownFileType = sourcecode.c.objc; path = RRNotesListViewController.m; sourceTree = "<group>"; };
/* End PBXFileReference section */

/* Begin PBXFrameworksBuildPhase section */
		2BF89987225D86390084FB18 /* Frameworks */ = {
			isa = PBXFrameworksBuildPhase;
			buildActionMask = 2147483647;
			files = (
			);
			runOnlyForDeploymentPostprocessing = 0;
		};
/* End PBXFrameworksBuildPhase section */

/* Begin PBXGroup section */
		2B1F1BF2225DD7CE0091ADA4 /* Views */ = {
			isa = PBXGroup;
			children = (
			);
			path = Views;
			sourceTree = "<group>";
		};
		2B1F1BF3225DD8A70091ADA4 /* tab */ = {
			isa = PBXGroup;
			children = (
				2B1F1BF8225DD8E00091ADA4 /* toolbar_home_sel@2x.png */,
				2B1F1BF5225DD8E00091ADA4 /* toolbar_home_sel@3x.png */,
				2B1F1BF6225DD8E00091ADA4 /* toolbar_home@2x.png */,
				2B1F1BF4225DD8E00091ADA4 /* toolbar_home@3x.png */,
				2B1F1BFA225DD8E00091ADA4 /* toolbar_me_sel@2x.png */,
				2B1F1BF9225DD8E00091ADA4 /* toolbar_me_sel@3x.png */,
				2B1F1BFB225DD8E00091ADA4 /* toolbar_me@2x.png */,
				2B1F1BF7225DD8E00091ADA4 /* toolbar_me@3x.png */,
			);
			path = tab;
			sourceTree = "<group>";
		};
		2B1F1C04225DD8EE0091ADA4 /* StoryBoard */ = {
			isa = PBXGroup;
			children = (
				2B1F1BED225DCF830091ADA4 /* Note.storyboard */,
			);
			path = StoryBoard;
			sourceTree = "<group>";
		};
		2BF89981225D86390084FB18 = {
			isa = PBXGroup;
			children = (
				2BF8998C225D86390084FB18 /* RuoRouNotes */,
				2BF8998B225D86390084FB18 /* Products */,
			);
			sourceTree = "<group>";
		};
		2BF8998B225D86390084FB18 /* Products */ = {
			isa = PBXGroup;
			children = (
				2BF8998A225D86390084FB18 /* RuoRouNotes.app */,
			);
			name = Products;
			sourceTree = "<group>";
		};
		2BF8998C225D86390084FB18 /* RuoRouNotes */ = {
			isa = PBXGroup;
			children = (
				2B1F1C04225DD8EE0091ADA4 /* StoryBoard */,
				2BF899E4225D96730084FB18 /* Feature */,
				2BF899E5225D967D0084FB18 /* Common */,
				2BF899E3225D96650084FB18 /* Resources */,
				2BF899DA225D90FE0084FB18 /* DBCenter */,
				2BF899E7225D96990084FB18 /* Macro */,
				2BF899E8225D96A40084FB18 /* Vendor */,
				2BF899E6225D968E0084FB18 /* HttpAPI */,
				2BF8998D225D86390084FB18 /* AppDelegate.h */,
				2BF8998E225D86390084FB18 /* AppDelegate.m */,
				2BF89996225D863A0084FB18 /* Assets.xcassets */,
				2BF89998225D863A0084FB18 /* LaunchScreen.storyboard */,
				2BF8999B225D863A0084FB18 /* Info.plist */,
				2BF8999C225D863A0084FB18 /* main.m */,
			);
			path = RuoRouNotes;
			sourceTree = "<group>";
		};
		2BF899A9225D8DD60084FB18 /* Categories */ = {
			isa = PBXGroup;
			children = (
				2BF899AA225D8DD60084FB18 /* UIKit */,
				2BF899BD225D8DD60084FB18 /* Foundation */,
				2BF899D6225D8F1E0084FB18 /* JLCateHeader.h */,
			);
			path = Categories;
			sourceTree = "<group>";
		};
		2BF899AA225D8DD60084FB18 /* UIKit */ = {
			isa = PBXGroup;
			children = (
				2BF899B6225D8DD60084FB18 /* UIColor+JLHex.h */,
				2BF899AD225D8DD60084FB18 /* UIColor+JLHex.m */,
				2BF899BB225D8DD60084FB18 /* UIControl+JLFastClick.h */,
				2BF899B2225D8DD60084FB18 /* UIControl+JLFastClick.m */,
				2BF899B3225D8DD60084FB18 /* UILabel+JLEntension.h */,
				2BF899BA225D8DD60084FB18 /* UILabel+JLEntension.m */,
				2BF899B9225D8DD60084FB18 /* UITextField+JLEntension.h */,
				2BF899AF225D8DD60084FB18 /* UITextField+JLEntension.m */,
				2BF899B1225D8DD60084FB18 /* UIView+JLExtension.h */,
				2BF899BC225D8DD60084FB18 /* UIView+JLExtension.m */,
			);
			path = UIKit;
			sourceTree = "<group>";
		};
		2BF899BD225D8DD60084FB18 /* Foundation */ = {
			isa = PBXGroup;
			children = (
				2BF899C5225D8DD60084FB18 /* NSString+JLEntension.h */,
				2BF899C0225D8DD60084FB18 /* NSString+JLEntension.m */,
				2BF899C3225D8DD60084FB18 /* NullSafe.m */,
			);
			path = Foundation;
			sourceTree = "<group>";
		};
		2BF899DA225D90FE0084FB18 /* DBCenter */ = {
			isa = PBXGroup;
			children = (
				2BF899E9225D96CE0084FB18 /* Model */,
			);
			path = DBCenter;
			sourceTree = "<group>";
		};
		2BF899DB225D91010084FB18 /* Note */ = {
			isa = PBXGroup;
			children = (
				2B1F1BF2225DD7CE0091ADA4 /* Views */,
				2BF899ED225D9A3C0084FB18 /* RRNotesListViewController.h */,
				2BF899EE225D9A3C0084FB18 /* RRNotesListViewController.m */,
				2B1F1BEA225DCDF40091ADA4 /* RRNoteDetailViewController.h */,
				2B1F1BEB225DCDF40091ADA4 /* RRNoteDetailViewController.m */,
			);
			path = Note;
			sourceTree = "<group>";
		};
		2BF899DC225D91030084FB18 /* Mine */ = {
			isa = PBXGroup;
			children = (
				2BF899DD225D91220084FB18 /* RRMineViewController.h */,
				2BF899DE225D91220084FB18 /* RRMineViewController.m */,
			);
			path = Mine;
			sourceTree = "<group>";
		};
		2BF899E3225D96650084FB18 /* Resources */ = {
			isa = PBXGroup;
			children = (
				2B1F1BF3225DD8A70091ADA4 /* tab */,
			);
			path = Resources;
			sourceTree = "<group>";
		};
		2BF899E4225D96730084FB18 /* Feature */ = {
			isa = PBXGroup;
			children = (
				2BF899EC225D97410084FB18 /* Tab */,
				2BF899DB225D91010084FB18 /* Note */,
				2BF899DC225D91030084FB18 /* Mine */,
			);
			path = Feature;
			sourceTree = "<group>";
		};
		2BF899E5225D967D0084FB18 /* Common */ = {
			isa = PBXGroup;
			children = (
				2BF899EB225D96ED0084FB18 /* UITheme */,
				2BF899EA225D96DF0084FB18 /* BaseClass */,
				2BF899A9225D8DD60084FB18 /* Categories */,
			);
			path = Common;
			sourceTree = "<group>";
		};
		2BF899E6225D968E0084FB18 /* HttpAPI */ = {
			isa = PBXGroup;
			children = (
			);
			path = HttpAPI;
			sourceTree = "<group>";
		};
		2BF899E7225D96990084FB18 /* Macro */ = {
			isa = PBXGroup;
			children = (
				2B1F1BEF225DCFCB0091ADA4 /* AppMarco.h */,
				2B1F1BF0225DCFCB0091ADA4 /* NotificationMarco.h */,
				2B1F1BF1225DCFCB0091ADA4 /* StoryboardHeader.h */,
			);
			path = Macro;
			sourceTree = "<group>";
		};
		2BF899E8225D96A40084FB18 /* Vendor */ = {
			isa = PBXGroup;
			children = (
			);
			path = Vendor;
			sourceTree = "<group>";
		};
		2BF899E9225D96CE0084FB18 /* Model */ = {
			isa = PBXGroup;
			children = (
			);
			path = Model;
			sourceTree = "<group>";
		};
		2BF899EA225D96DF0084FB18 /* BaseClass */ = {
			isa = PBXGroup;
			children = (
				2BF899D7225D90C30084FB18 /* RRBaseNavigationController.h */,
				2BF899D8225D90C30084FB18 /* RRBaseNavigationController.m */,
			);
			path = BaseClass;
			sourceTree = "<group>";
		};
		2BF899EB225D96ED0084FB18 /* UITheme */ = {
			isa = PBXGroup;
			children = (
			);
			path = UITheme;
			sourceTree = "<group>";
		};
		2BF899EC225D97410084FB18 /* Tab */ = {
			isa = PBXGroup;
			children = (
				2BF899A3225D876C0084FB18 /* RRTabBarController.h */,
				2BF899A4225D876C0084FB18 /* RRTabBarController.m */,
			);
			path = Tab;
			sourceTree = "<group>";
		};
/* End PBXGroup section */

/* Begin PBXNativeTarget section */
		2BF89989225D86390084FB18 /* RuoRouNotes */ = {
			isa = PBXNativeTarget;
			buildConfigurationList = 2BF899A0225D863A0084FB18 /* Build configuration list for PBXNativeTarget "RuoRouNotes" */;
			buildPhases = (
				2BF89986225D86390084FB18 /* Sources */,
				2BF89987225D86390084FB18 /* Frameworks */,
				2BF89988225D86390084FB18 /* Resources */,
			);
			buildRules = (
			);
			dependencies = (
			);
			name = RuoRouNotes;
			productName = RuoRouNotes;
			productReference = 2BF8998A225D86390084FB18 /* RuoRouNotes.app */;
			productType = "com.apple.product-type.application";
		};
/* End PBXNativeTarget section */

/* Begin PBXProject section */
		2BF89982225D86390084FB18 /* Project object */ = {
			isa = PBXProject;
			attributes = {
				LastUpgradeCheck = 1010;
				ORGANIZATIONNAME = yangjianliang;
				TargetAttributes = {
					2BF89989225D86390084FB18 = {
						CreatedOnToolsVersion = 10.1;
					};
				};
			};
			buildConfigurationList = 2BF89985225D86390084FB18 /* Build configuration list for PBXProject "RuoRouNotes" */;
			compatibilityVersion = "Xcode 9.3";
			developmentRegion = en;
			hasScannedForEncodings = 0;
			knownRegions = (
				en,
				Base,
			);
			mainGroup = 2BF89981225D86390084FB18;
			productRefGroup = 2BF8998B225D86390084FB18 /* Products */;
			projectDirPath = "";
			projectRoot = "";
			targets = (
				2BF89989225D86390084FB18 /* RuoRouNotes */,
			);
		};
/* End PBXProject section */

/* Begin PBXResourcesBuildPhase section */
		2BF89988225D86390084FB18 /* Resources */ = {
			isa = PBXResourcesBuildPhase;
			buildActionMask = 2147483647;
			files = (
				2B1F1C03225DD8E00091ADA4 /* toolbar_me@2x.png in Resources */,
				2B1F1BFC225DD8E00091ADA4 /* toolbar_home@3x.png in Resources */,
				2B1F1BFD225DD8E00091ADA4 /* toolbar_home_sel@3x.png in Resources */,
				2B1F1C00225DD8E00091ADA4 /* toolbar_home_sel@2x.png in Resources */,
				2B1F1C02225DD8E00091ADA4 /* toolbar_me_sel@2x.png in Resources */,
				2BF8999A225D863A0084FB18 /* LaunchScreen.storyboard in Resources */,
				2BF89997225D863A0084FB18 /* Assets.xcassets in Resources */,
				2B1F1BEE225DCF830091ADA4 /* Note.storyboard in Resources */,
				2B1F1BFF225DD8E00091ADA4 /* toolbar_me@3x.png in Resources */,
				2B1F1C01225DD8E00091ADA4 /* toolbar_me_sel@3x.png in Resources */,
				2B1F1BFE225DD8E00091ADA4 /* toolbar_home@2x.png in Resources */,
			);
			runOnlyForDeploymentPostprocessing = 0;
		};
/* End PBXResourcesBuildPhase section */

/* Begin PBXSourcesBuildPhase section */
		2BF89986225D86390084FB18 /* Sources */ = {
			isa = PBXSourcesBuildPhase;
			buildActionMask = 2147483647;
			files = (
				2BF8999D225D863A0084FB18 /* main.m in Sources */,
				2B1F1BEC225DCDF40091ADA4 /* RRNoteDetailViewController.m in Sources */,
				2BF899D0225D8DD60084FB18 /* UIView+JLExtension.m in Sources */,
				2BF899DF225D91220084FB18 /* RRMineViewController.m in Sources */,
				2BF899D9225D90C30084FB18 /* RRBaseNavigationController.m in Sources */,
				2BF899D2225D8DD60084FB18 /* NSString+JLEntension.m in Sources */,
				2BF899CF225D8DD60084FB18 /* UILabel+JLEntension.m in Sources */,
				2BF899CA225D8DD60084FB18 /* UITextField+JLEntension.m in Sources */,
				2BF899EF225D9A3C0084FB18 /* RRNotesListViewController.m in Sources */,
				2BF8998F225D86390084FB18 /* AppDelegate.m in Sources */,
				2BF899D5225D8DD60084FB18 /* NullSafe.m in Sources */,
				2BF899A5225D876C0084FB18 /* RRTabBarController.m in Sources */,
				2BF899CC225D8DD60084FB18 /* UIControl+JLFastClick.m in Sources */,
				2BF899C8225D8DD60084FB18 /* UIColor+JLHex.m in Sources */,
			);
			runOnlyForDeploymentPostprocessing = 0;
		};
/* End PBXSourcesBuildPhase section */

/* Begin PBXVariantGroup section */
		2BF89998225D863A0084FB18 /* LaunchScreen.storyboard */ = {
			isa = PBXVariantGroup;
			children = (
				2BF89999225D863A0084FB18 /* Base */,
			);
			name = LaunchScreen.storyboard;
			sourceTree = "<group>";
		};
/* End PBXVariantGroup section */

/* Begin XCBuildConfiguration section */
		2BF8999E225D863A0084FB18 /* Debug */ = {
			isa = XCBuildConfiguration;
			buildSettings = {
				ALWAYS_SEARCH_USER_PATHS = NO;
				CLANG_ANALYZER_NONNULL = YES;
				CLANG_ANALYZER_NUMBER_OBJECT_CONVERSION = YES_AGGRESSIVE;
				CLANG_CXX_LANGUAGE_STANDARD = "gnu++14";
				CLANG_CXX_LIBRARY = "libc++";
				CLANG_ENABLE_MODULES = YES;
				CLANG_ENABLE_OBJC_ARC = YES;
				CLANG_ENABLE_OBJC_WEAK = YES;
				CLANG_WARN_BLOCK_CAPTURE_AUTORELEASING = YES;
				CLANG_WARN_BOOL_CONVERSION = YES;
				CLANG_WARN_COMMA = YES;
				CLANG_WARN_CONSTANT_CONVERSION = YES;
				CLANG_WARN_DEPRECATED_OBJC_IMPLEMENTATIONS = YES;
				CLANG_WARN_DIRECT_OBJC_ISA_USAGE = YES_ERROR;
				CLANG_WARN_DOCUMENTATION_COMMENTS = YES;
				CLANG_WARN_EMPTY_BODY = YES;
				CLANG_WARN_ENUM_CONVERSION = YES;
				CLANG_WARN_INFINITE_RECURSION = YES;
				CLANG_WARN_INT_CONVERSION = YES;
				CLANG_WARN_NON_LITERAL_NULL_CONVERSION = YES;
				CLANG_WARN_OBJC_IMPLICIT_RETAIN_SELF = YES;
				CLANG_WARN_OBJC_LITERAL_CONVERSION = YES;
				CLANG_WARN_OBJC_ROOT_CLASS = YES_ERROR;
				CLANG_WARN_RANGE_LOOP_ANALYSIS = YES;
				CLANG_WARN_STRICT_PROTOTYPES = YES;
				CLANG_WARN_SUSPICIOUS_MOVE = YES;
				CLANG_WARN_UNGUARDED_AVAILABILITY = YES_AGGRESSIVE;
				CLANG_WARN_UNREACHABLE_CODE = YES;
				CLANG_WARN__DUPLICATE_METHOD_MATCH = YES;
				CODE_SIGN_IDENTITY = "iPhone Developer";
				COPY_PHASE_STRIP = NO;
				DEBUG_INFORMATION_FORMAT = dwarf;
				ENABLE_STRICT_OBJC_MSGSEND = YES;
				ENABLE_TESTABILITY = YES;
				GCC_C_LANGUAGE_STANDARD = gnu11;
				GCC_DYNAMIC_NO_PIC = NO;
				GCC_NO_COMMON_BLOCKS = YES;
				GCC_OPTIMIZATION_LEVEL = 0;
				GCC_PREPROCESSOR_DEFINITIONS = (
					"DEBUG=1",
					"$(inherited)",
				);
				GCC_WARN_64_TO_32_BIT_CONVERSION = YES;
				GCC_WARN_ABOUT_RETURN_TYPE = YES_ERROR;
				GCC_WARN_UNDECLARED_SELECTOR = YES;
				GCC_WARN_UNINITIALIZED_AUTOS = YES_AGGRESSIVE;
				GCC_WARN_UNUSED_FUNCTION = YES;
				GCC_WARN_UNUSED_VARIABLE = YES;
				IPHONEOS_DEPLOYMENT_TARGET = 12.1;
				MTL_ENABLE_DEBUG_INFO = INCLUDE_SOURCE;
				MTL_FAST_MATH = YES;
				ONLY_ACTIVE_ARCH = YES;
				SDKROOT = iphoneos;
			};
			name = Debug;
		};
		2BF8999F225D863A0084FB18 /* Release */ = {
			isa = XCBuildConfiguration;
			buildSettings = {
				ALWAYS_SEARCH_USER_PATHS = NO;
				CLANG_ANALYZER_NONNULL = YES;
				CLANG_ANALYZER_NUMBER_OBJECT_CONVERSION = YES_AGGRESSIVE;
				CLANG_CXX_LANGUAGE_STANDARD = "gnu++14";
				CLANG_CXX_LIBRARY = "libc++";
				CLANG_ENABLE_MODULES = YES;
				CLANG_ENABLE_OBJC_ARC = YES;
				CLANG_ENABLE_OBJC_WEAK = YES;
				CLANG_WARN_BLOCK_CAPTURE_AUTORELEASING = YES;
				CLANG_WARN_BOOL_CONVERSION = YES;
				CLANG_WARN_COMMA = YES;
				CLANG_WARN_CONSTANT_CONVERSION = YES;
				CLANG_WARN_DEPRECATED_OBJC_IMPLEMENTATIONS = YES;
				CLANG_WARN_DIRECT_OBJC_ISA_USAGE = YES_ERROR;
				CLANG_WARN_DOCUMENTATION_COMMENTS = YES;
				CLANG_WARN_EMPTY_BODY = YES;
				CLANG_WARN_ENUM_CONVERSION = YES;
				CLANG_WARN_INFINITE_RECURSION = YES;
				CLANG_WARN_INT_CONVERSION = YES;
				CLANG_WARN_NON_LITERAL_NULL_CONVERSION = YES;
				CLANG_WARN_OBJC_IMPLICIT_RETAIN_SELF = YES;
				CLANG_WARN_OBJC_LITERAL_CONVERSION = YES;
				CLANG_WARN_OBJC_ROOT_CLASS = YES_ERROR;
				CLANG_WARN_RANGE_LOOP_ANALYSIS = YES;
				CLANG_WARN_STRICT_PROTOTYPES = YES;
				CLANG_WARN_SUSPICIOUS_MOVE = YES;
				CLANG_WARN_UNGUARDED_AVAILABILITY = YES_AGGRESSIVE;
				CLANG_WARN_UNREACHABLE_CODE = YES;
				CLANG_WARN__DUPLICATE_METHOD_MATCH = YES;
				CODE_SIGN_IDENTITY = "iPhone Developer";
				COPY_PHASE_STRIP = NO;
				DEBUG_INFORMATION_FORMAT = "dwarf-with-dsym";
				ENABLE_NS_ASSERTIONS = NO;
				ENABLE_STRICT_OBJC_MSGSEND = YES;
				GCC_C_LANGUAGE_STANDARD = gnu11;
				GCC_NO_COMMON_BLOCKS = YES;
				GCC_WARN_64_TO_32_BIT_CONVERSION = YES;
				GCC_WARN_ABOUT_RETURN_TYPE = YES_ERROR;
				GCC_WARN_UNDECLARED_SELECTOR = YES;
				GCC_WARN_UNINITIALIZED_AUTOS = YES_AGGRESSIVE;
				GCC_WARN_UNUSED_FUNCTION = YES;
				GCC_WARN_UNUSED_VARIABLE = YES;
				IPHONEOS_DEPLOYMENT_TARGET = 12.1;
				MTL_ENABLE_DEBUG_INFO = NO;
				MTL_FAST_MATH = YES;
				SDKROOT = iphoneos;
				VALIDATE_PRODUCT = YES;
			};
			name = Release;
		};
		2BF899A1225D863A0084FB18 /* Debug */ = {
			isa = XCBuildConfiguration;
			buildSettings = {
				ASSETCATALOG_COMPILER_APPICON_NAME = AppIcon;
				CODE_SIGN_STYLE = Automatic;
				DEVELOPMENT_TEAM = VQ3JB7TXP9;
				INFOPLIST_FILE = RuoRouNotes/Info.plist;
				IPHONEOS_DEPLOYMENT_TARGET = 9.0;
				LD_RUNPATH_SEARCH_PATHS = (
					"$(inherited)",
					"@executable_path/Frameworks",
				);
				PRODUCT_BUNDLE_IDENTIFIER = com.ruorouNotes.RuoRouNotes;
				PRODUCT_NAME = "$(TARGET_NAME)";
				TARGETED_DEVICE_FAMILY = "1,2";
			};
			name = Debug;
		};
		2BF899A2225D863A0084FB18 /* Release */ = {
			isa = XCBuildConfiguration;
			buildSettings = {
				ASSETCATALOG_COMPILER_APPICON_NAME = AppIcon;
				CODE_SIGN_STYLE = Automatic;
				DEVELOPMENT_TEAM = VQ3JB7TXP9;
				INFOPLIST_FILE = RuoRouNotes/Info.plist;
				IPHONEOS_DEPLOYMENT_TARGET = 9.0;
				LD_RUNPATH_SEARCH_PATHS = (
					"$(inherited)",
					"@executable_path/Frameworks",
				);
				PRODUCT_BUNDLE_IDENTIFIER = com.ruorouNotes.RuoRouNotes;
				PRODUCT_NAME = "$(TARGET_NAME)";
				TARGETED_DEVICE_FAMILY = "1,2";
			};
			name = Release;
		};
/* End XCBuildConfiguration section */

/* Begin XCConfigurationList section */
		2BF89985225D86390084FB18 /* Build configuration list for PBXProject "RuoRouNotes" */ = {
			isa = XCConfigurationList;
			buildConfigurations = (
				2BF8999E225D863A0084FB18 /* Debug */,
				2BF8999F225D863A0084FB18 /* Release */,
			);
			defaultConfigurationIsVisible = 0;
			defaultConfigurationName = Release;
		};
		2BF899A0225D863A0084FB18 /* Build configuration list for PBXNativeTarget "RuoRouNotes" */ = {
			isa = XCConfigurationList;
			buildConfigurations = (
				2BF899A1225D863A0084FB18 /* Debug */,
				2BF899A2225D863A0084FB18 /* Release */,
			);
			defaultConfigurationIsVisible = 0;
			defaultConfigurationName = Release;
		};
/* End XCConfigurationList section */
	};
	rootObject = 2BF89982225D86390084FB18 /* Project object */;
}
