// !$*UTF8*$!
{
	archiveVersion = 1;
	classes = {
	};
	objectVersion = 50;
	objects = {

/* Begin PBXBuildFile section */
		2B86D1D8229D421C000B2C1A /* AppDelegate.m in Sources */ = {isa = PBXBuildFile; fileRef = 2B86D1D7229D421C000B2C1A /* AppDelegate.m */; };
		2B86D1DB229D421C000B2C1A /* ViewController.m in Sources */ = {isa = PBXBuildFile; fileRef = 2B86D1DA229D421C000B2C1A /* ViewController.m */; };
		2B86D1DE229D421C000B2C1A /* Main.storyboard in Resources */ = {isa = PBXBuildFile; fileRef = 2B86D1DC229D421C000B2C1A /* Main.storyboard */; };
		2B86D1E0229D421E000B2C1A /* Assets.xcassets in Resources */ = {isa = PBXBuildFile; fileRef = 2B86D1DF229D421E000B2C1A /* Assets.xcassets */; };
		2B86D1E3229D421E000B2C1A /* LaunchScreen.storyboard in Resources */ = {isa = PBXBuildFile; fileRef = 2B86D1E1229D421E000B2C1A /* LaunchScreen.storyboard */; };
		2B86D1E6229D421E000B2C1A /* main.m in Sources */ = {isa = PBXBuildFile; fileRef = 2B86D1E5229D421E000B2C1A /* main.m */; };
		2B86D1F8229D424C000B2C1A /* FMDatabaseQueue.m in Sources */ = {isa = PBXBuildFile; fileRef = 2B86D1EE229D424C000B2C1A /* FMDatabaseQueue.m */; };
		2B86D1F9229D424C000B2C1A /* FMDatabaseAdditions.m in Sources */ = {isa = PBXBuildFile; fileRef = 2B86D1F1229D424C000B2C1A /* FMDatabaseAdditions.m */; };
		2B86D1FA229D424C000B2C1A /* FMDatabase.m in Sources */ = {isa = PBXBuildFile; fileRef = 2B86D1F2229D424C000B2C1A /* FMDatabase.m */; };
		2B86D1FB229D424C000B2C1A /* FMDatabasePool.m in Sources */ = {isa = PBXBuildFile; fileRef = 2B86D1F6229D424C000B2C1A /* FMDatabasePool.m */; };
		2B86D1FC229D424C000B2C1A /* FMResultSet.m in Sources */ = {isa = PBXBuildFile; fileRef = 2B86D1F7229D424C000B2C1A /* FMResultSet.m */; };
		2B86D202229D4263000B2C1A /* RRLocalDB.m in Sources */ = {isa = PBXBuildFile; fileRef = 2B86D1FE229D4263000B2C1A /* RRLocalDB.m */; };
		2B86D203229D4263000B2C1A /* SWRCAnalyzeTool.m in Sources */ = {isa = PBXBuildFile; fileRef = 2B86D201229D4263000B2C1A /* SWRCAnalyzeTool.m */; };
/* End PBXBuildFile section */

/* Begin PBXFileReference section */
		2B86D1D3229D421C000B2C1A /* FMDB事务封装.app */ = {isa = PBXFileReference; explicitFileType = wrapper.application; includeInIndex = 0; path = "FMDB事务封装.app"; sourceTree = BUILT_PRODUCTS_DIR; };
		2B86D1D6229D421C000B2C1A /* AppDelegate.h */ = {isa = PBXFileReference; lastKnownFileType = sourcecode.c.h; path = AppDelegate.h; sourceTree = "<group>"; };
		2B86D1D7229D421C000B2C1A /* AppDelegate.m */ = {isa = PBXFileReference; lastKnownFileType = sourcecode.c.objc; path = AppDelegate.m; sourceTree = "<group>"; };
		2B86D1D9229D421C000B2C1A /* ViewController.h */ = {isa = PBXFileReference; lastKnownFileType = sourcecode.c.h; path = ViewController.h; sourceTree = "<group>"; };
		2B86D1DA229D421C000B2C1A /* ViewController.m */ = {isa = PBXFileReference; lastKnownFileType = sourcecode.c.objc; path = ViewController.m; sourceTree = "<group>"; };
		2B86D1DD229D421C000B2C1A /* Base */ = {isa = PBXFileReference; lastKnownFileType = file.storyboard; name = Base; path = Base.lproj/Main.storyboard; sourceTree = "<group>"; };
		2B86D1DF229D421E000B2C1A /* Assets.xcassets */ = {isa = PBXFileReference; lastKnownFileType = folder.assetcatalog; path = Assets.xcassets; sourceTree = "<group>"; };
		2B86D1E2229D421E000B2C1A /* Base */ = {isa = PBXFileReference; lastKnownFileType = file.storyboard; name = Base; path = Base.lproj/LaunchScreen.storyboard; sourceTree = "<group>"; };
		2B86D1E4229D421E000B2C1A /* Info.plist */ = {isa = PBXFileReference; lastKnownFileType = text.plist.xml; path = Info.plist; sourceTree = "<group>"; };
		2B86D1E5229D421E000B2C1A /* main.m */ = {isa = PBXFileReference; lastKnownFileType = sourcecode.c.objc; path = main.m; sourceTree = "<group>"; };
		2B86D1ED229D424C000B2C1A /* FMDatabase.h */ = {isa = PBXFileReference; fileEncoding = 4; lastKnownFileType = sourcecode.c.h; path = FMDatabase.h; sourceTree = "<group>"; };
		2B86D1EE229D424C000B2C1A /* FMDatabaseQueue.m */ = {isa = PBXFileReference; fileEncoding = 4; lastKnownFileType = sourcecode.c.objc; path = FMDatabaseQueue.m; sourceTree = "<group>"; };
		2B86D1EF229D424C000B2C1A /* FMResultSet.h */ = {isa = PBXFileReference; fileEncoding = 4; lastKnownFileType = sourcecode.c.h; path = FMResultSet.h; sourceTree = "<group>"; };
		2B86D1F0229D424C000B2C1A /* FMDatabasePool.h */ = {isa = PBXFileReference; fileEncoding = 4; lastKnownFileType = sourcecode.c.h; path = FMDatabasePool.h; sourceTree = "<group>"; };
		2B86D1F1229D424C000B2C1A /* FMDatabaseAdditions.m */ = {isa = PBXFileReference; fileEncoding = 4; lastKnownFileType = sourcecode.c.objc; path = FMDatabaseAdditions.m; sourceTree = "<group>"; };
		2B86D1F2229D424C000B2C1A /* FMDatabase.m */ = {isa = PBXFileReference; fileEncoding = 4; lastKnownFileType = sourcecode.c.objc; path = FMDatabase.m; sourceTree = "<group>"; };
		2B86D1F3229D424C000B2C1A /* FMDatabaseQueue.h */ = {isa = PBXFileReference; fileEncoding = 4; lastKnownFileType = sourcecode.c.h; path = FMDatabaseQueue.h; sourceTree = "<group>"; };
		2B86D1F4229D424C000B2C1A /* FMDB.h */ = {isa = PBXFileReference; fileEncoding = 4; lastKnownFileType = sourcecode.c.h; path = FMDB.h; sourceTree = "<group>"; };
		2B86D1F5229D424C000B2C1A /* FMDatabaseAdditions.h */ = {isa = PBXFileReference; fileEncoding = 4; lastKnownFileType = sourcecode.c.h; path = FMDatabaseAdditions.h; sourceTree = "<group>"; };
		2B86D1F6229D424C000B2C1A /* FMDatabasePool.m */ = {isa = PBXFileReference; fileEncoding = 4; lastKnownFileType = sourcecode.c.objc; path = FMDatabasePool.m; sourceTree = "<group>"; };
		2B86D1F7229D424C000B2C1A /* FMResultSet.m */ = {isa = PBXFileReference; fileEncoding = 4; lastKnownFileType = sourcecode.c.objc; path = FMResultSet.m; sourceTree = "<group>"; };
		2B86D1FE229D4263000B2C1A /* RRLocalDB.m */ = {isa = PBXFileReference; fileEncoding = 4; lastKnownFileType = sourcecode.c.objc; path = RRLocalDB.m; sourceTree = "<group>"; };
		2B86D1FF229D4263000B2C1A /* SWRCAnalyzeTool.h */ = {isa = PBXFileReference; fileEncoding = 4; lastKnownFileType = sourcecode.c.h; path = SWRCAnalyzeTool.h; sourceTree = "<group>"; };
		2B86D200229D4263000B2C1A /* RRLocalDB.h */ = {isa = PBXFileReference; fileEncoding = 4; lastKnownFileType = sourcecode.c.h; path = RRLocalDB.h; sourceTree = "<group>"; };
		2B86D201229D4263000B2C1A /* SWRCAnalyzeTool.m */ = {isa = PBXFileReference; fileEncoding = 4; lastKnownFileType = sourcecode.c.objc; path = SWRCAnalyzeTool.m; sourceTree = "<group>"; };
/* End PBXFileReference section */

/* Begin PBXFrameworksBuildPhase section */
		2B86D1D0229D421C000B2C1A /* Frameworks */ = {
			isa = PBXFrameworksBuildPhase;
			buildActionMask = 2147483647;
			files = (
			);
			runOnlyForDeploymentPostprocessing = 0;
		};
/* End PBXFrameworksBuildPhase section */

/* Begin PBXGroup section */
		2B86D1CA229D421C000B2C1A = {
			isa = PBXGroup;
			children = (
				2B86D1D5229D421C000B2C1A /* FMDB事务封装 */,
				2B86D1D4229D421C000B2C1A /* Products */,
			);
			sourceTree = "<group>";
		};
		2B86D1D4229D421C000B2C1A /* Products */ = {
			isa = PBXGroup;
			children = (
				2B86D1D3229D421C000B2C1A /* FMDB事务封装.app */,
			);
			name = Products;
			sourceTree = "<group>";
		};
		2B86D1D5229D421C000B2C1A /* FMDB事务封装 */ = {
			isa = PBXGroup;
			children = (
				2B86D1EC229D424C000B2C1A /* fmdb */,
				2B86D1D6229D421C000B2C1A /* AppDelegate.h */,
				2B86D1FD229D4263000B2C1A /* RRDB */,
				2B86D1D7229D421C000B2C1A /* AppDelegate.m */,
				2B86D1D9229D421C000B2C1A /* ViewController.h */,
				2B86D1DA229D421C000B2C1A /* ViewController.m */,
				2B86D1DC229D421C000B2C1A /* Main.storyboard */,
				2B86D1DF229D421E000B2C1A /* Assets.xcassets */,
				2B86D1E1229D421E000B2C1A /* LaunchScreen.storyboard */,
				2B86D1E4229D421E000B2C1A /* Info.plist */,
				2B86D1E5229D421E000B2C1A /* main.m */,
			);
			path = "FMDB事务封装";
			sourceTree = "<group>";
		};
		2B86D1EC229D424C000B2C1A /* fmdb */ = {
			isa = PBXGroup;
			children = (
				2B86D1ED229D424C000B2C1A /* FMDatabase.h */,
				2B86D1EE229D424C000B2C1A /* FMDatabaseQueue.m */,
				2B86D1EF229D424C000B2C1A /* FMResultSet.h */,
				2B86D1F0229D424C000B2C1A /* FMDatabasePool.h */,
				2B86D1F1229D424C000B2C1A /* FMDatabaseAdditions.m */,
				2B86D1F2229D424C000B2C1A /* FMDatabase.m */,
				2B86D1F3229D424C000B2C1A /* FMDatabaseQueue.h */,
				2B86D1F4229D424C000B2C1A /* FMDB.h */,
				2B86D1F5229D424C000B2C1A /* FMDatabaseAdditions.h */,
				2B86D1F6229D424C000B2C1A /* FMDatabasePool.m */,
				2B86D1F7229D424C000B2C1A /* FMResultSet.m */,
			);
			path = fmdb;
			sourceTree = "<group>";
		};
		2B86D1FD229D4263000B2C1A /* RRDB */ = {
			isa = PBXGroup;
			children = (
				2B86D1FE229D4263000B2C1A /* RRLocalDB.m */,
				2B86D1FF229D4263000B2C1A /* SWRCAnalyzeTool.h */,
				2B86D200229D4263000B2C1A /* RRLocalDB.h */,
				2B86D201229D4263000B2C1A /* SWRCAnalyzeTool.m */,
			);
			path = RRDB;
			sourceTree = "<group>";
		};
/* End PBXGroup section */

/* Begin PBXNativeTarget section */
		2B86D1D2229D421C000B2C1A /* FMDB事务封装 */ = {
			isa = PBXNativeTarget;
			buildConfigurationList = 2B86D1E9229D421E000B2C1A /* Build configuration list for PBXNativeTarget "FMDB事务封装" */;
			buildPhases = (
				2B86D1CF229D421C000B2C1A /* Sources */,
				2B86D1D0229D421C000B2C1A /* Frameworks */,
				2B86D1D1229D421C000B2C1A /* Resources */,
			);
			buildRules = (
			);
			dependencies = (
			);
			name = "FMDB事务封装";
			productName = "FMDB事务封装";
			productReference = 2B86D1D3229D421C000B2C1A /* FMDB事务封装.app */;
			productType = "com.apple.product-type.application";
		};
/* End PBXNativeTarget section */

/* Begin PBXProject section */
		2B86D1CB229D421C000B2C1A /* Project object */ = {
			isa = PBXProject;
			attributes = {
				LastUpgradeCheck = 1020;
				ORGANIZATIONNAME = yangjianliang;
				TargetAttributes = {
					2B86D1D2229D421C000B2C1A = {
						CreatedOnToolsVersion = 10.2.1;
					};
				};
			};
			buildConfigurationList = 2B86D1CE229D421C000B2C1A /* Build configuration list for PBXProject "FMDB事务封装" */;
			compatibilityVersion = "Xcode 9.3";
			developmentRegion = en;
			hasScannedForEncodings = 0;
			knownRegions = (
				en,
				Base,
			);
			mainGroup = 2B86D1CA229D421C000B2C1A;
			productRefGroup = 2B86D1D4229D421C000B2C1A /* Products */;
			projectDirPath = "";
			projectRoot = "";
			targets = (
				2B86D1D2229D421C000B2C1A /* FMDB事务封装 */,
			);
		};
/* End PBXProject section */

/* Begin PBXResourcesBuildPhase section */
		2B86D1D1229D421C000B2C1A /* Resources */ = {
			isa = PBXResourcesBuildPhase;
			buildActionMask = 2147483647;
			files = (
				2B86D1E3229D421E000B2C1A /* LaunchScreen.storyboard in Resources */,
				2B86D1E0229D421E000B2C1A /* Assets.xcassets in Resources */,
				2B86D1DE229D421C000B2C1A /* Main.storyboard in Resources */,
			);
			runOnlyForDeploymentPostprocessing = 0;
		};
/* End PBXResourcesBuildPhase section */

/* Begin PBXSourcesBuildPhase section */
		2B86D1CF229D421C000B2C1A /* Sources */ = {
			isa = PBXSourcesBuildPhase;
			buildActionMask = 2147483647;
			files = (
				2B86D1DB229D421C000B2C1A /* ViewController.m in Sources */,
				2B86D1F8229D424C000B2C1A /* FMDatabaseQueue.m in Sources */,
				2B86D1E6229D421E000B2C1A /* main.m in Sources */,
				2B86D203229D4263000B2C1A /* SWRCAnalyzeTool.m in Sources */,
				2B86D1FA229D424C000B2C1A /* FMDatabase.m in Sources */,
				2B86D1FB229D424C000B2C1A /* FMDatabasePool.m in Sources */,
				2B86D1D8229D421C000B2C1A /* AppDelegate.m in Sources */,
				2B86D1FC229D424C000B2C1A /* FMResultSet.m in Sources */,
				2B86D202229D4263000B2C1A /* RRLocalDB.m in Sources */,
				2B86D1F9229D424C000B2C1A /* FMDatabaseAdditions.m in Sources */,
			);
			runOnlyForDeploymentPostprocessing = 0;
		};
/* End PBXSourcesBuildPhase section */

/* Begin PBXVariantGroup section */
		2B86D1DC229D421C000B2C1A /* Main.storyboard */ = {
			isa = PBXVariantGroup;
			children = (
				2B86D1DD229D421C000B2C1A /* Base */,
			);
			name = Main.storyboard;
			sourceTree = "<group>";
		};
		2B86D1E1229D421E000B2C1A /* LaunchScreen.storyboard */ = {
			isa = PBXVariantGroup;
			children = (
				2B86D1E2229D421E000B2C1A /* Base */,
			);
			name = LaunchScreen.storyboard;
			sourceTree = "<group>";
		};
/* End PBXVariantGroup section */

/* Begin XCBuildConfiguration section */
		2B86D1E7229D421E000B2C1A /* Debug */ = {
			isa = XCBuildConfiguration;
			buildSettings = {
				ALWAYS_SEARCH_USER_PATHS = NO;
				CLANG_ANALYZER_NONNULL = YES;
				CLANG_ANALYZER_NUMBER_OBJECT_CONVERSION = YES_AGGRESSIVE;
				CLANG_CXX_LANGUAGE_STANDARD = "gnu++14";
				CLANG_CXX_LIBRARY = "libc++";
				CLANG_ENABLE_MODULES = YES;
				CLANG_ENABLE_OBJC_ARC = YES;
				CLANG_ENABLE_OBJC_WEAK = YES;
				CLANG_WARN_BLOCK_CAPTURE_AUTORELEASING = YES;
				CLANG_WARN_BOOL_CONVERSION = YES;
				CLANG_WARN_COMMA = YES;
				CLANG_WARN_CONSTANT_CONVERSION = YES;
				CLANG_WARN_DEPRECATED_OBJC_IMPLEMENTATIONS = YES;
				CLANG_WARN_DIRECT_OBJC_ISA_USAGE = YES_ERROR;
				CLANG_WARN_DOCUMENTATION_COMMENTS = YES;
				CLANG_WARN_EMPTY_BODY = YES;
				CLANG_WARN_ENUM_CONVERSION = YES;
				CLANG_WARN_INFINITE_RECURSION = YES;
				CLANG_WARN_INT_CONVERSION = YES;
				CLANG_WARN_NON_LITERAL_NULL_CONVERSION = YES;
				CLANG_WARN_OBJC_IMPLICIT_RETAIN_SELF = YES;
				CLANG_WARN_OBJC_LITERAL_CONVERSION = YES;
				CLANG_WARN_OBJC_ROOT_CLASS = YES_ERROR;
				CLANG_WARN_RANGE_LOOP_ANALYSIS = YES;
				CLANG_WARN_STRICT_PROTOTYPES = YES;
				CLANG_WARN_SUSPICIOUS_MOVE = YES;
				CLANG_WARN_UNGUARDED_AVAILABILITY = YES_AGGRESSIVE;
				CLANG_WARN_UNREACHABLE_CODE = YES;
				CLANG_WARN__DUPLICATE_METHOD_MATCH = YES;
				CODE_SIGN_IDENTITY = "iPhone Developer";
				COPY_PHASE_STRIP = NO;
				DEBUG_INFORMATION_FORMAT = dwarf;
				ENABLE_STRICT_OBJC_MSGSEND = YES;
				ENABLE_TESTABILITY = YES;
				GCC_C_LANGUAGE_STANDARD = gnu11;
				GCC_DYNAMIC_NO_PIC = NO;
				GCC_NO_COMMON_BLOCKS = YES;
				GCC_OPTIMIZATION_LEVEL = 0;
				GCC_PREPROCESSOR_DEFINITIONS = (
					"DEBUG=1",
					"$(inherited)",
				);
				GCC_WARN_64_TO_32_BIT_CONVERSION = YES;
				GCC_WARN_ABOUT_RETURN_TYPE = YES_ERROR;
				GCC_WARN_UNDECLARED_SELECTOR = YES;
				GCC_WARN_UNINITIALIZED_AUTOS = YES_AGGRESSIVE;
				GCC_WARN_UNUSED_FUNCTION = YES;
				GCC_WARN_UNUSED_VARIABLE = YES;
				IPHONEOS_DEPLOYMENT_TARGET = 12.2;
				MTL_ENABLE_DEBUG_INFO = INCLUDE_SOURCE;
				MTL_FAST_MATH = YES;
				ONLY_ACTIVE_ARCH = YES;
				SDKROOT = iphoneos;
			};
			name = Debug;
		};
		2B86D1E8229D421E000B2C1A /* Release */ = {
			isa = XCBuildConfiguration;
			buildSettings = {
				ALWAYS_SEARCH_USER_PATHS = NO;
				CLANG_ANALYZER_NONNULL = YES;
				CLANG_ANALYZER_NUMBER_OBJECT_CONVERSION = YES_AGGRESSIVE;
				CLANG_CXX_LANGUAGE_STANDARD = "gnu++14";
				CLANG_CXX_LIBRARY = "libc++";
				CLANG_ENABLE_MODULES = YES;
				CLANG_ENABLE_OBJC_ARC = YES;
				CLANG_ENABLE_OBJC_WEAK = YES;
				CLANG_WARN_BLOCK_CAPTURE_AUTORELEASING = YES;
				CLANG_WARN_BOOL_CONVERSION = YES;
				CLANG_WARN_COMMA = YES;
				CLANG_WARN_CONSTANT_CONVERSION = YES;
				CLANG_WARN_DEPRECATED_OBJC_IMPLEMENTATIONS = YES;
				CLANG_WARN_DIRECT_OBJC_ISA_USAGE = YES_ERROR;
				CLANG_WARN_DOCUMENTATION_COMMENTS = YES;
				CLANG_WARN_EMPTY_BODY = YES;
				CLANG_WARN_ENUM_CONVERSION = YES;
				CLANG_WARN_INFINITE_RECURSION = YES;
				CLANG_WARN_INT_CONVERSION = YES;
				CLANG_WARN_NON_LITERAL_NULL_CONVERSION = YES;
				CLANG_WARN_OBJC_IMPLICIT_RETAIN_SELF = YES;
				CLANG_WARN_OBJC_LITERAL_CONVERSION = YES;
				CLANG_WARN_OBJC_ROOT_CLASS = YES_ERROR;
				CLANG_WARN_RANGE_LOOP_ANALYSIS = YES;
				CLANG_WARN_STRICT_PROTOTYPES = YES;
				CLANG_WARN_SUSPICIOUS_MOVE = YES;
				CLANG_WARN_UNGUARDED_AVAILABILITY = YES_AGGRESSIVE;
				CLANG_WARN_UNREACHABLE_CODE = YES;
				CLANG_WARN__DUPLICATE_METHOD_MATCH = YES;
				CODE_SIGN_IDENTITY = "iPhone Developer";
				COPY_PHASE_STRIP = NO;
				DEBUG_INFORMATION_FORMAT = "dwarf-with-dsym";
				ENABLE_NS_ASSERTIONS = NO;
				ENABLE_STRICT_OBJC_MSGSEND = YES;
				GCC_C_LANGUAGE_STANDARD = gnu11;
				GCC_NO_COMMON_BLOCKS = YES;
				GCC_WARN_64_TO_32_BIT_CONVERSION = YES;
				GCC_WARN_ABOUT_RETURN_TYPE = YES_ERROR;
				GCC_WARN_UNDECLARED_SELECTOR = YES;
				GCC_WARN_UNINITIALIZED_AUTOS = YES_AGGRESSIVE;
				GCC_WARN_UNUSED_FUNCTION = YES;
				GCC_WARN_UNUSED_VARIABLE = YES;
				IPHONEOS_DEPLOYMENT_TARGET = 12.2;
				MTL_ENABLE_DEBUG_INFO = NO;
				MTL_FAST_MATH = YES;
				SDKROOT = iphoneos;
				VALIDATE_PRODUCT = YES;
			};
			name = Release;
		};
		2B86D1EA229D421E000B2C1A /* Debug */ = {
			isa = XCBuildConfiguration;
			buildSettings = {
				ASSETCATALOG_COMPILER_APPICON_NAME = AppIcon;
				CODE_SIGN_STYLE = Automatic;
				DEVELOPMENT_TEAM = VQ3JB7TXP9;
				INFOPLIST_FILE = "FMDB事务封装/Info.plist";
				LD_RUNPATH_SEARCH_PATHS = (
					"$(inherited)",
					"@executable_path/Frameworks",
				);
				PRODUCT_BUNDLE_IDENTIFIER = "com.ruorouNotes.FMDB----";
				PRODUCT_NAME = "$(TARGET_NAME)";
				TARGETED_DEVICE_FAMILY = "1,2";
			};
			name = Debug;
		};
		2B86D1EB229D421E000B2C1A /* Release */ = {
			isa = XCBuildConfiguration;
			buildSettings = {
				ASSETCATALOG_COMPILER_APPICON_NAME = AppIcon;
				CODE_SIGN_STYLE = Automatic;
				DEVELOPMENT_TEAM = VQ3JB7TXP9;
				INFOPLIST_FILE = "FMDB事务封装/Info.plist";
				LD_RUNPATH_SEARCH_PATHS = (
					"$(inherited)",
					"@executable_path/Frameworks",
				);
				PRODUCT_BUNDLE_IDENTIFIER = "com.ruorouNotes.FMDB----";
				PRODUCT_NAME = "$(TARGET_NAME)";
				TARGETED_DEVICE_FAMILY = "1,2";
			};
			name = Release;
		};
/* End XCBuildConfiguration section */

/* Begin XCConfigurationList section */
		2B86D1CE229D421C000B2C1A /* Build configuration list for PBXProject "FMDB事务封装" */ = {
			isa = XCConfigurationList;
			buildConfigurations = (
				2B86D1E7229D421E000B2C1A /* Debug */,
				2B86D1E8229D421E000B2C1A /* Release */,
			);
			defaultConfigurationIsVisible = 0;
			defaultConfigurationName = Release;
		};
		2B86D1E9229D421E000B2C1A /* Build configuration list for PBXNativeTarget "FMDB事务封装" */ = {
			isa = XCConfigurationList;
			buildConfigurations = (
				2B86D1EA229D421E000B2C1A /* Debug */,
				2B86D1EB229D421E000B2C1A /* Release */,
			);
			defaultConfigurationIsVisible = 0;
			defaultConfigurationName = Release;
		};
/* End XCConfigurationList section */
	};
	rootObject = 2B86D1CB229D421C000B2C1A /* Project object */;
}
