// !$*UTF8*$!
{
	archiveVersion = 1;
	classes = {
	};
	objectVersion = 50;
	objects = {

/* Begin PBXBuildFile section */
		61876A3A226DA68500F42B14 /* RRTextView.m in Sources */ = {isa = PBXBuildFile; fileRef = 61876A39226DA68500F42B14 /* RRTextView.m */; };
		6199560C22697AED0011D438 /* AppDelegate.m in Sources */ = {isa = PBXBuildFile; fileRef = 6199560B22697AED0011D438 /* AppDelegate.m */; };
		6199561222697AED0011D438 /* Main.storyboard in Resources */ = {isa = PBXBuildFile; fileRef = 6199561022697AED0011D438 /* Main.storyboard */; };
		6199561422697AEF0011D438 /* Assets.xcassets in Resources */ = {isa = PBXBuildFile; fileRef = 6199561322697AEF0011D438 /* Assets.xcassets */; };
		6199561722697AEF0011D438 /* LaunchScreen.storyboard in Resources */ = {isa = PBXBuildFile; fileRef = 6199561522697AEF0011D438 /* LaunchScreen.storyboard */; };
		6199561A22697AEF0011D438 /* main.m in Sources */ = {isa = PBXBuildFile; fileRef = 6199561922697AEF0011D438 /* main.m */; };
		6199562522697B4D0011D438 /* AATableViewController.m in Sources */ = {isa = PBXBuildFile; fileRef = 6199562422697B4D0011D438 /* AATableViewController.m */; };
		6199562922697E890011D438 /* AATableViewCell.m in Sources */ = {isa = PBXBuildFile; fileRef = 6199562722697E890011D438 /* AATableViewCell.m */; };
		6199562A22697E890011D438 /* AATableViewCell.xib in Resources */ = {isa = PBXBuildFile; fileRef = 6199562822697E890011D438 /* AATableViewCell.xib */; };
		6199562C22698A540011D438 /* 一纸情书.ttf in Resources */ = {isa = PBXBuildFile; fileRef = 6199562B22698A540011D438 /* 一纸情书.ttf */; };
		61995630226996400011D438 /* SentyCandy-color.ttf in Resources */ = {isa = PBXBuildFile; fileRef = 6199562F226996400011D438 /* SentyCandy-color.ttf */; };
		619956322269A15E0011D438 /* 侧耳倾听.ttf in Resources */ = {isa = PBXBuildFile; fileRef = 619956312269A15E0011D438 /* 侧耳倾听.ttf */; };
		619956382269ABA50011D438 /* BBViewController.m in Sources */ = {isa = PBXBuildFile; fileRef = 619956372269ABA50011D438 /* BBViewController.m */; };
		6199575F226D55B80011D438 /* AATextViewController.m in Sources */ = {isa = PBXBuildFile; fileRef = 6199575D226D55B80011D438 /* AATextViewController.m */; };
		61995762226D6DE50011D438 /* RRTextToolView.m in Sources */ = {isa = PBXBuildFile; fileRef = 61995761226D6DE50011D438 /* RRTextToolView.m */; };
/* End PBXBuildFile section */

/* Begin PBXFileReference section */
		61876A38226DA68500F42B14 /* RRTextView.h */ = {isa = PBXFileReference; lastKnownFileType = sourcecode.c.h; path = RRTextView.h; sourceTree = "<group>"; };
		61876A39226DA68500F42B14 /* RRTextView.m */ = {isa = PBXFileReference; lastKnownFileType = sourcecode.c.objc; path = RRTextView.m; sourceTree = "<group>"; };
		6199560722697AED0011D438 /* 全字体demo.app */ = {isa = PBXFileReference; explicitFileType = wrapper.application; includeInIndex = 0; path = "全字体demo.app"; sourceTree = BUILT_PRODUCTS_DIR; };
		6199560A22697AED0011D438 /* AppDelegate.h */ = {isa = PBXFileReference; lastKnownFileType = sourcecode.c.h; path = AppDelegate.h; sourceTree = "<group>"; };
		6199560B22697AED0011D438 /* AppDelegate.m */ = {isa = PBXFileReference; lastKnownFileType = sourcecode.c.objc; path = AppDelegate.m; sourceTree = "<group>"; };
		6199561122697AED0011D438 /* Base */ = {isa = PBXFileReference; lastKnownFileType = file.storyboard; name = Base; path = Base.lproj/Main.storyboard; sourceTree = "<group>"; };
		6199561322697AEF0011D438 /* Assets.xcassets */ = {isa = PBXFileReference; lastKnownFileType = folder.assetcatalog; path = Assets.xcassets; sourceTree = "<group>"; };
		6199561622697AEF0011D438 /* Base */ = {isa = PBXFileReference; lastKnownFileType = file.storyboard; name = Base; path = Base.lproj/LaunchScreen.storyboard; sourceTree = "<group>"; };
		6199561822697AEF0011D438 /* Info.plist */ = {isa = PBXFileReference; lastKnownFileType = text.plist.xml; path = Info.plist; sourceTree = "<group>"; };
		6199561922697AEF0011D438 /* main.m */ = {isa = PBXFileReference; lastKnownFileType = sourcecode.c.objc; path = main.m; sourceTree = "<group>"; };
		6199562322697B4D0011D438 /* AATableViewController.h */ = {isa = PBXFileReference; fileEncoding = 4; lastKnownFileType = sourcecode.c.h; path = AATableViewController.h; sourceTree = "<group>"; };
		6199562422697B4D0011D438 /* AATableViewController.m */ = {isa = PBXFileReference; fileEncoding = 4; lastKnownFileType = sourcecode.c.objc; path = AATableViewController.m; sourceTree = "<group>"; };
		6199562622697E890011D438 /* AATableViewCell.h */ = {isa = PBXFileReference; lastKnownFileType = sourcecode.c.h; path = AATableViewCell.h; sourceTree = "<group>"; };
		6199562722697E890011D438 /* AATableViewCell.m */ = {isa = PBXFileReference; lastKnownFileType = sourcecode.c.objc; path = AATableViewCell.m; sourceTree = "<group>"; };
		6199562822697E890011D438 /* AATableViewCell.xib */ = {isa = PBXFileReference; lastKnownFileType = file.xib; path = AATableViewCell.xib; sourceTree = "<group>"; };
		6199562B22698A540011D438 /* 一纸情书.ttf */ = {isa = PBXFileReference; lastKnownFileType = file; path = "一纸情书.ttf"; sourceTree = "<group>"; };
		6199562F226996400011D438 /* SentyCandy-color.ttf */ = {isa = PBXFileReference; lastKnownFileType = file; path = "SentyCandy-color.ttf"; sourceTree = "<group>"; };
		619956312269A15E0011D438 /* 侧耳倾听.ttf */ = {isa = PBXFileReference; lastKnownFileType = file; path = "侧耳倾听.ttf"; sourceTree = "<group>"; };
		619956362269ABA50011D438 /* BBViewController.h */ = {isa = PBXFileReference; fileEncoding = 4; lastKnownFileType = sourcecode.c.h; path = BBViewController.h; sourceTree = "<group>"; };
		619956372269ABA50011D438 /* BBViewController.m */ = {isa = PBXFileReference; fileEncoding = 4; lastKnownFileType = sourcecode.c.objc; path = BBViewController.m; sourceTree = "<group>"; };
		6199575D226D55B80011D438 /* AATextViewController.m */ = {isa = PBXFileReference; fileEncoding = 4; lastKnownFileType = sourcecode.c.objc; path = AATextViewController.m; sourceTree = "<group>"; };
		6199575E226D55B80011D438 /* AATextViewController.h */ = {isa = PBXFileReference; fileEncoding = 4; lastKnownFileType = sourcecode.c.h; path = AATextViewController.h; sourceTree = "<group>"; };
		61995760226D6DE50011D438 /* RRTextToolView.h */ = {isa = PBXFileReference; lastKnownFileType = sourcecode.c.h; path = RRTextToolView.h; sourceTree = "<group>"; };
		61995761226D6DE50011D438 /* RRTextToolView.m */ = {isa = PBXFileReference; lastKnownFileType = sourcecode.c.objc; path = RRTextToolView.m; sourceTree = "<group>"; };
/* End PBXFileReference section */

/* Begin PBXFrameworksBuildPhase section */
		6199560422697AED0011D438 /* Frameworks */ = {
			isa = PBXFrameworksBuildPhase;
			buildActionMask = 2147483647;
			files = (
			);
			runOnlyForDeploymentPostprocessing = 0;
		};
/* End PBXFrameworksBuildPhase section */

/* Begin PBXGroup section */
		619955FE22697AED0011D438 = {
			isa = PBXGroup;
			children = (
				6199560922697AED0011D438 /* 全字体demo */,
				6199560822697AED0011D438 /* Products */,
			);
			sourceTree = "<group>";
		};
		6199560822697AED0011D438 /* Products */ = {
			isa = PBXGroup;
			children = (
				6199560722697AED0011D438 /* 全字体demo.app */,
			);
			name = Products;
			sourceTree = "<group>";
		};
		6199560922697AED0011D438 /* 全字体demo */ = {
			isa = PBXGroup;
			children = (
				619956312269A15E0011D438 /* 侧耳倾听.ttf */,
				6199562B22698A540011D438 /* 一纸情书.ttf */,
				6199562622697E890011D438 /* AATableViewCell.h */,
				6199562722697E890011D438 /* AATableViewCell.m */,
				6199562822697E890011D438 /* AATableViewCell.xib */,
				6199562322697B4D0011D438 /* AATableViewController.h */,
				6199562422697B4D0011D438 /* AATableViewController.m */,
				6199575E226D55B80011D438 /* AATextViewController.h */,
				6199575D226D55B80011D438 /* AATextViewController.m */,
				61995760226D6DE50011D438 /* RRTextToolView.h */,
				61995761226D6DE50011D438 /* RRTextToolView.m */,
				61876A38226DA68500F42B14 /* RRTextView.h */,
				61876A39226DA68500F42B14 /* RRTextView.m */,
				6199560A22697AED0011D438 /* AppDelegate.h */,
				6199560B22697AED0011D438 /* AppDelegate.m */,
				6199561322697AEF0011D438 /* Assets.xcassets */,
				619956362269ABA50011D438 /* BBViewController.h */,
				619956372269ABA50011D438 /* BBViewController.m */,
				6199561822697AEF0011D438 /* Info.plist */,
				6199561522697AEF0011D438 /* LaunchScreen.storyboard */,
				6199561922697AEF0011D438 /* main.m */,
				6199561022697AED0011D438 /* Main.storyboard */,
				6199562F226996400011D438 /* SentyCandy-color.ttf */,
			);
			path = "全字体demo";
			sourceTree = "<group>";
		};
/* End PBXGroup section */

/* Begin PBXNativeTarget section */
		6199560622697AED0011D438 /* 全字体demo */ = {
			isa = PBXNativeTarget;
			buildConfigurationList = 6199561D22697AEF0011D438 /* Build configuration list for PBXNativeTarget "全字体demo" */;
			buildPhases = (
				6199560322697AED0011D438 /* Sources */,
				6199560422697AED0011D438 /* Frameworks */,
				6199560522697AED0011D438 /* Resources */,
			);
			buildRules = (
			);
			dependencies = (
			);
			name = "全字体demo";
			productName = "全字体demo";
			productReference = 6199560722697AED0011D438 /* 全字体demo.app */;
			productType = "com.apple.product-type.application";
		};
/* End PBXNativeTarget section */

/* Begin PBXProject section */
		619955FF22697AED0011D438 /* Project object */ = {
			isa = PBXProject;
			attributes = {
				LastUpgradeCheck = 1020;
				ORGANIZATIONNAME = yangjianliang;
				TargetAttributes = {
					6199560622697AED0011D438 = {
						CreatedOnToolsVersion = 10.2;
					};
				};
			};
			buildConfigurationList = 6199560222697AED0011D438 /* Build configuration list for PBXProject "全字体demo" */;
			compatibilityVersion = "Xcode 9.3";
			developmentRegion = en;
			hasScannedForEncodings = 0;
			knownRegions = (
				en,
				Base,
			);
			mainGroup = 619955FE22697AED0011D438;
			productRefGroup = 6199560822697AED0011D438 /* Products */;
			projectDirPath = "";
			projectRoot = "";
			targets = (
				6199560622697AED0011D438 /* 全字体demo */,
			);
		};
/* End PBXProject section */

/* Begin PBXResourcesBuildPhase section */
		6199560522697AED0011D438 /* Resources */ = {
			isa = PBXResourcesBuildPhase;
			buildActionMask = 2147483647;
			files = (
				61995630226996400011D438 /* SentyCandy-color.ttf in Resources */,
				6199562C22698A540011D438 /* 一纸情书.ttf in Resources */,
				6199561722697AEF0011D438 /* LaunchScreen.storyboard in Resources */,
				6199562A22697E890011D438 /* AATableViewCell.xib in Resources */,
				6199561422697AEF0011D438 /* Assets.xcassets in Resources */,
				6199561222697AED0011D438 /* Main.storyboard in Resources */,
				619956322269A15E0011D438 /* 侧耳倾听.ttf in Resources */,
			);
			runOnlyForDeploymentPostprocessing = 0;
		};
/* End PBXResourcesBuildPhase section */

/* Begin PBXSourcesBuildPhase section */
		6199560322697AED0011D438 /* Sources */ = {
			isa = PBXSourcesBuildPhase;
			buildActionMask = 2147483647;
			files = (
				6199562522697B4D0011D438 /* AATableViewController.m in Sources */,
				6199575F226D55B80011D438 /* AATextViewController.m in Sources */,
				6199562922697E890011D438 /* AATableViewCell.m in Sources */,
				61876A3A226DA68500F42B14 /* RRTextView.m in Sources */,
				619956382269ABA50011D438 /* BBViewController.m in Sources */,
				61995762226D6DE50011D438 /* RRTextToolView.m in Sources */,
				6199561A22697AEF0011D438 /* main.m in Sources */,
				6199560C22697AED0011D438 /* AppDelegate.m in Sources */,
			);
			runOnlyForDeploymentPostprocessing = 0;
		};
/* End PBXSourcesBuildPhase section */

/* Begin PBXVariantGroup section */
		6199561022697AED0011D438 /* Main.storyboard */ = {
			isa = PBXVariantGroup;
			children = (
				6199561122697AED0011D438 /* Base */,
			);
			name = Main.storyboard;
			sourceTree = "<group>";
		};
		6199561522697AEF0011D438 /* LaunchScreen.storyboard */ = {
			isa = PBXVariantGroup;
			children = (
				6199561622697AEF0011D438 /* Base */,
			);
			name = LaunchScreen.storyboard;
			sourceTree = "<group>";
		};
/* End PBXVariantGroup section */

/* Begin XCBuildConfiguration section */
		6199561B22697AEF0011D438 /* Debug */ = {
			isa = XCBuildConfiguration;
			buildSettings = {
				ALWAYS_SEARCH_USER_PATHS = NO;
				CLANG_ANALYZER_NONNULL = YES;
				CLANG_ANALYZER_NUMBER_OBJECT_CONVERSION = YES_AGGRESSIVE;
				CLANG_CXX_LANGUAGE_STANDARD = "gnu++14";
				CLANG_CXX_LIBRARY = "libc++";
				CLANG_ENABLE_MODULES = YES;
				CLANG_ENABLE_OBJC_ARC = YES;
				CLANG_ENABLE_OBJC_WEAK = YES;
				CLANG_WARN_BLOCK_CAPTURE_AUTORELEASING = YES;
				CLANG_WARN_BOOL_CONVERSION = YES;
				CLANG_WARN_COMMA = YES;
				CLANG_WARN_CONSTANT_CONVERSION = YES;
				CLANG_WARN_DEPRECATED_OBJC_IMPLEMENTATIONS = YES;
				CLANG_WARN_DIRECT_OBJC_ISA_USAGE = YES_ERROR;
				CLANG_WARN_DOCUMENTATION_COMMENTS = YES;
				CLANG_WARN_EMPTY_BODY = YES;
				CLANG_WARN_ENUM_CONVERSION = YES;
				CLANG_WARN_INFINITE_RECURSION = YES;
				CLANG_WARN_INT_CONVERSION = YES;
				CLANG_WARN_NON_LITERAL_NULL_CONVERSION = YES;
				CLANG_WARN_OBJC_IMPLICIT_RETAIN_SELF = YES;
				CLANG_WARN_OBJC_LITERAL_CONVERSION = YES;
				CLANG_WARN_OBJC_ROOT_CLASS = YES_ERROR;
				CLANG_WARN_RANGE_LOOP_ANALYSIS = YES;
				CLANG_WARN_STRICT_PROTOTYPES = YES;
				CLANG_WARN_SUSPICIOUS_MOVE = YES;
				CLANG_WARN_UNGUARDED_AVAILABILITY = YES_AGGRESSIVE;
				CLANG_WARN_UNREACHABLE_CODE = YES;
				CLANG_WARN__DUPLICATE_METHOD_MATCH = YES;
				CODE_SIGN_IDENTITY = "iPhone Developer";
				COPY_PHASE_STRIP = NO;
				DEBUG_INFORMATION_FORMAT = dwarf;
				ENABLE_STRICT_OBJC_MSGSEND = YES;
				ENABLE_TESTABILITY = YES;
				GCC_C_LANGUAGE_STANDARD = gnu11;
				GCC_DYNAMIC_NO_PIC = NO;
				GCC_NO_COMMON_BLOCKS = YES;
				GCC_OPTIMIZATION_LEVEL = 0;
				GCC_PREPROCESSOR_DEFINITIONS = (
					"DEBUG=1",
					"$(inherited)",
				);
				GCC_WARN_64_TO_32_BIT_CONVERSION = YES;
				GCC_WARN_ABOUT_RETURN_TYPE = YES_ERROR;
				GCC_WARN_UNDECLARED_SELECTOR = YES;
				GCC_WARN_UNINITIALIZED_AUTOS = YES_AGGRESSIVE;
				GCC_WARN_UNUSED_FUNCTION = YES;
				GCC_WARN_UNUSED_VARIABLE = YES;
				IPHONEOS_DEPLOYMENT_TARGET = 12.2;
				MTL_ENABLE_DEBUG_INFO = INCLUDE_SOURCE;
				MTL_FAST_MATH = YES;
				ONLY_ACTIVE_ARCH = YES;
				SDKROOT = iphoneos;
			};
			name = Debug;
		};
		6199561C22697AEF0011D438 /* Release */ = {
			isa = XCBuildConfiguration;
			buildSettings = {
				ALWAYS_SEARCH_USER_PATHS = NO;
				CLANG_ANALYZER_NONNULL = YES;
				CLANG_ANALYZER_NUMBER_OBJECT_CONVERSION = YES_AGGRESSIVE;
				CLANG_CXX_LANGUAGE_STANDARD = "gnu++14";
				CLANG_CXX_LIBRARY = "libc++";
				CLANG_ENABLE_MODULES = YES;
				CLANG_ENABLE_OBJC_ARC = YES;
				CLANG_ENABLE_OBJC_WEAK = YES;
				CLANG_WARN_BLOCK_CAPTURE_AUTORELEASING = YES;
				CLANG_WARN_BOOL_CONVERSION = YES;
				CLANG_WARN_COMMA = YES;
				CLANG_WARN_CONSTANT_CONVERSION = YES;
				CLANG_WARN_DEPRECATED_OBJC_IMPLEMENTATIONS = YES;
				CLANG_WARN_DIRECT_OBJC_ISA_USAGE = YES_ERROR;
				CLANG_WARN_DOCUMENTATION_COMMENTS = YES;
				CLANG_WARN_EMPTY_BODY = YES;
				CLANG_WARN_ENUM_CONVERSION = YES;
				CLANG_WARN_INFINITE_RECURSION = YES;
				CLANG_WARN_INT_CONVERSION = YES;
				CLANG_WARN_NON_LITERAL_NULL_CONVERSION = YES;
				CLANG_WARN_OBJC_IMPLICIT_RETAIN_SELF = YES;
				CLANG_WARN_OBJC_LITERAL_CONVERSION = YES;
				CLANG_WARN_OBJC_ROOT_CLASS = YES_ERROR;
				CLANG_WARN_RANGE_LOOP_ANALYSIS = YES;
				CLANG_WARN_STRICT_PROTOTYPES = YES;
				CLANG_WARN_SUSPICIOUS_MOVE = YES;
				CLANG_WARN_UNGUARDED_AVAILABILITY = YES_AGGRESSIVE;
				CLANG_WARN_UNREACHABLE_CODE = YES;
				CLANG_WARN__DUPLICATE_METHOD_MATCH = YES;
				CODE_SIGN_IDENTITY = "iPhone Developer";
				COPY_PHASE_STRIP = NO;
				DEBUG_INFORMATION_FORMAT = "dwarf-with-dsym";
				ENABLE_NS_ASSERTIONS = NO;
				ENABLE_STRICT_OBJC_MSGSEND = YES;
				GCC_C_LANGUAGE_STANDARD = gnu11;
				GCC_NO_COMMON_BLOCKS = YES;
				GCC_WARN_64_TO_32_BIT_CONVERSION = YES;
				GCC_WARN_ABOUT_RETURN_TYPE = YES_ERROR;
				GCC_WARN_UNDECLARED_SELECTOR = YES;
				GCC_WARN_UNINITIALIZED_AUTOS = YES_AGGRESSIVE;
				GCC_WARN_UNUSED_FUNCTION = YES;
				GCC_WARN_UNUSED_VARIABLE = YES;
				IPHONEOS_DEPLOYMENT_TARGET = 12.2;
				MTL_ENABLE_DEBUG_INFO = NO;
				MTL_FAST_MATH = YES;
				SDKROOT = iphoneos;
				VALIDATE_PRODUCT = YES;
			};
			name = Release;
		};
		6199561E22697AEF0011D438 /* Debug */ = {
			isa = XCBuildConfiguration;
			buildSettings = {
				ASSETCATALOG_COMPILER_APPICON_NAME = AppIcon;
				CODE_SIGN_STYLE = Automatic;
				DEVELOPMENT_TEAM = JPK597D59E;
				INFOPLIST_FILE = "全字体demo/Info.plist";
				IPHONEOS_DEPLOYMENT_TARGET = 9.0;
				LD_RUNPATH_SEARCH_PATHS = (
					"$(inherited)",
					"@executable_path/Frameworks",
				);
				PRODUCT_BUNDLE_IDENTIFIER = "com.shunwang.---demoo";
				PRODUCT_NAME = "$(TARGET_NAME)";
				TARGETED_DEVICE_FAMILY = "1,2";
			};
			name = Debug;
		};
		6199561F22697AEF0011D438 /* Release */ = {
			isa = XCBuildConfiguration;
			buildSettings = {
				ASSETCATALOG_COMPILER_APPICON_NAME = AppIcon;
				CODE_SIGN_STYLE = Automatic;
				DEVELOPMENT_TEAM = JPK597D59E;
				INFOPLIST_FILE = "全字体demo/Info.plist";
				IPHONEOS_DEPLOYMENT_TARGET = 9.0;
				LD_RUNPATH_SEARCH_PATHS = (
					"$(inherited)",
					"@executable_path/Frameworks",
				);
				PRODUCT_BUNDLE_IDENTIFIER = "com.shunwang.---demoo";
				PRODUCT_NAME = "$(TARGET_NAME)";
				TARGETED_DEVICE_FAMILY = "1,2";
			};
			name = Release;
		};
/* End XCBuildConfiguration section */

/* Begin XCConfigurationList section */
		6199560222697AED0011D438 /* Build configuration list for PBXProject "全字体demo" */ = {
			isa = XCConfigurationList;
			buildConfigurations = (
				6199561B22697AEF0011D438 /* Debug */,
				6199561C22697AEF0011D438 /* Release */,
			);
			defaultConfigurationIsVisible = 0;
			defaultConfigurationName = Release;
		};
		6199561D22697AEF0011D438 /* Build configuration list for PBXNativeTarget "全字体demo" */ = {
			isa = XCConfigurationList;
			buildConfigurations = (
				6199561E22697AEF0011D438 /* Debug */,
				6199561F22697AEF0011D438 /* Release */,
			);
			defaultConfigurationIsVisible = 0;
			defaultConfigurationName = Release;
		};
/* End XCConfigurationList section */
	};
	rootObject = 619955FF22697AED0011D438 /* Project object */;
}
